// !$*UTF8*$!
{
	archiveVersion = 1;
	classes = {
	};
	objectVersion = 48;
	objects = {

/* Begin PBXBuildFile section */
		D0BB47A52069357A007D5F48 /* main.c in Sources */ = {isa = PBXBuildFile; fileRef = D0BB47A42069357A007D5F48 /* main.c */; };
		D0BB47AC206935C5007D5F48 /* aes.c in Sources */ = {isa = PBXBuildFile; fileRef = D0BB47AB206935C5007D5F48 /* aes.c */; };
		D0BB47B120693E7B007D5F48 /* Helper.c in Sources */ = {isa = PBXBuildFile; fileRef = D0BB47B020693E7B007D5F48 /* Helper.c */; };
		D0BB47B5206A8D1C007D5F48 /* testFunctions.c in Sources */ = {isa = PBXBuildFile; fileRef = D0BB47B4206A8D1C007D5F48 /* testFunctions.c */; };
/* End PBXBuildFile section */

/* Begin PBXCopyFilesBuildPhase section */
		D0BB479F2069357A007D5F48 /* CopyFiles */ = {
			isa = PBXCopyFilesBuildPhase;
			buildActionMask = 2147483647;
			dstPath = /usr/share/man/man1/;
			dstSubfolderSpec = 0;
			files = (
			);
			runOnlyForDeploymentPostprocessing = 1;
		};
/* End PBXCopyFilesBuildPhase section */

/* Begin PBXFileReference section */
		D0BB47A12069357A007D5F48 /* aes-ecb */ = {isa = PBXFileReference; explicitFileType = "compiled.mach-o.executable"; includeInIndex = 0; path = "aes-ecb"; sourceTree = BUILT_PRODUCTS_DIR; };
		D0BB47A42069357A007D5F48 /* main.c */ = {isa = PBXFileReference; lastKnownFileType = sourcecode.c.c; path = main.c; sourceTree = "<group>"; };
		D0BB47AB206935C5007D5F48 /* aes.c */ = {isa = PBXFileReference; fileEncoding = 4; lastKnownFileType = sourcecode.c.c; path = aes.c; sourceTree = "<group>"; };
		D0BB47AF20693E7B007D5F48 /* Helper.h */ = {isa = PBXFileReference; lastKnownFileType = sourcecode.c.h; path = Helper.h; sourceTree = "<group>"; };
		D0BB47B020693E7B007D5F48 /* Helper.c */ = {isa = PBXFileReference; lastKnownFileType = sourcecode.c.c; path = Helper.c; sourceTree = "<group>"; };
		D0BB47B2206942EA007D5F48 /* aes.h */ = {isa = PBXFileReference; lastKnownFileType = sourcecode.c.h; path = aes.h; sourceTree = "<group>"; };
		D0BB47B4206A8D1C007D5F48 /* testFunctions.c */ = {isa = PBXFileReference; lastKnownFileType = sourcecode.c.c; path = testFunctions.c; sourceTree = "<group>"; };
/* End PBXFileReference section */

/* Begin PBXFrameworksBuildPhase section */
		D0BB479E2069357A007D5F48 /* Frameworks */ = {
			isa = PBXFrameworksBuildPhase;
			buildActionMask = 2147483647;
			files = (
			);
			runOnlyForDeploymentPostprocessing = 0;
		};
/* End PBXFrameworksBuildPhase section */

/* Begin PBXGroup section */
		D0BB47982069357A007D5F48 = {
			isa = PBXGroup;
			children = (
				D0BB47A32069357A007D5F48 /* CryptoLabwork1 */,
				D0BB47A22069357A007D5F48 /* Products */,
			);
			sourceTree = "<group>";
		};
		D0BB47A22069357A007D5F48 /* Products */ = {
			isa = PBXGroup;
			children = (
				D0BB47A12069357A007D5F48 /* aes-ecb */,
			);
			name = Products;
			sourceTree = "<group>";
		};
		D0BB47A32069357A007D5F48 /* CryptoLabwork1 */ = {
			isa = PBXGroup;
			children = (
				D0BB47AB206935C5007D5F48 /* aes.c */,
				D0BB47A42069357A007D5F48 /* main.c */,
				D0BB47AF20693E7B007D5F48 /* Helper.h */,
				D0BB47B020693E7B007D5F48 /* Helper.c */,
				D0BB47B2206942EA007D5F48 /* aes.h */,
				D0BB47B4206A8D1C007D5F48 /* testFunctions.c */,
			);
			path = CryptoLabwork1;
			sourceTree = "<group>";
		};
/* End PBXGroup section */

/* Begin PBXNativeTarget section */
		D0BB47A02069357A007D5F48 /* aes-ecb */ = {
			isa = PBXNativeTarget;
			buildConfigurationList = D0BB47A82069357A007D5F48 /* Build configuration list for PBXNativeTarget "aes-ecb" */;
			buildPhases = (
				D0BB479D2069357A007D5F48 /* Sources */,
				D0BB479E2069357A007D5F48 /* Frameworks */,
				D0BB479F2069357A007D5F48 /* CopyFiles */,
			);
			buildRules = (
			);
			dependencies = (
			);
			name = "aes-ecb";
			productName = CryptoLabwork1;
			productReference = D0BB47A12069357A007D5F48 /* aes-ecb */;
			productType = "com.apple.product-type.tool";
		};
/* End PBXNativeTarget section */

/* Begin PBXProject section */
		D0BB47992069357A007D5F48 /* Project object */ = {
			isa = PBXProject;
			attributes = {
				LastUpgradeCheck = 0920;
				ORGANIZATIONNAME = "Nguyễn Đức Thọ";
				TargetAttributes = {
					D0BB47A02069357A007D5F48 = {
						CreatedOnToolsVersion = 9.2;
						ProvisioningStyle = Automatic;
					};
				};
			};
			buildConfigurationList = D0BB479C2069357A007D5F48 /* Build configuration list for PBXProject "CryptoLabwork1" */;
			compatibilityVersion = "Xcode 8.0";
			developmentRegion = en;
			hasScannedForEncodings = 0;
			knownRegions = (
				en,
			);
			mainGroup = D0BB47982069357A007D5F48;
			productRefGroup = D0BB47A22069357A007D5F48 /* Products */;
			projectDirPath = "";
			projectRoot = "";
			targets = (
				D0BB47A02069357A007D5F48 /* aes-ecb */,
			);
		};
/* End PBXProject section */

/* Begin PBXSourcesBuildPhase section */
		D0BB479D2069357A007D5F48 /* Sources */ = {
			isa = PBXSourcesBuildPhase;
			buildActionMask = 2147483647;
			files = (
				D0BB47A52069357A007D5F48 /* main.c in Sources */,
				D0BB47B5206A8D1C007D5F48 /* testFunctions.c in Sources */,
				D0BB47AC206935C5007D5F48 /* aes.c in Sources */,
				D0BB47B120693E7B007D5F48 /* Helper.c in Sources */,
			);
			runOnlyForDeploymentPostprocessing = 0;
		};
/* End PBXSourcesBuildPhase section */

/* Begin XCBuildConfiguration section */
		D0BB47A62069357A007D5F48 /* Debug */ = {
			isa = XCBuildConfiguration;
			buildSettings = {
				ALWAYS_SEARCH_USER_PATHS = NO;
				CLANG_ANALYZER_NONNULL = YES;
				CLANG_ANALYZER_NUMBER_OBJECT_CONVERSION = YES_AGGRESSIVE;
				CLANG_CXX_LANGUAGE_STANDARD = "gnu++14";
				CLANG_CXX_LIBRARY = "libc++";
				CLANG_ENABLE_MODULES = YES;
				CLANG_ENABLE_OBJC_ARC = YES;
				CLANG_WARN_BLOCK_CAPTURE_AUTORELEASING = YES;
				CLANG_WARN_BOOL_CONVERSION = YES;
				CLANG_WARN_COMMA = YES;
				CLANG_WARN_CONSTANT_CONVERSION = YES;
				CLANG_WARN_DIRECT_OBJC_ISA_USAGE = YES_ERROR;
				CLANG_WARN_DOCUMENTATION_COMMENTS = YES;
				CLANG_WARN_EMPTY_BODY = YES;
				CLANG_WARN_ENUM_CONVERSION = YES;
				CLANG_WARN_INFINITE_RECURSION = YES;
				CLANG_WARN_INT_CONVERSION = YES;
				CLANG_WARN_NON_LITERAL_NULL_CONVERSION = YES;
				CLANG_WARN_OBJC_LITERAL_CONVERSION = YES;
				CLANG_WARN_OBJC_ROOT_CLASS = YES_ERROR;
				CLANG_WARN_RANGE_LOOP_ANALYSIS = YES;
				CLANG_WARN_STRICT_PROTOTYPES = YES;
				CLANG_WARN_SUSPICIOUS_MOVE = YES;
				CLANG_WARN_UNGUARDED_AVAILABILITY = YES_AGGRESSIVE;
				CLANG_WARN_UNREACHABLE_CODE = YES;
				CLANG_WARN__DUPLICATE_METHOD_MATCH = YES;
				CODE_SIGN_IDENTITY = "-";
				COPY_PHASE_STRIP = NO;
				DEBUG_INFORMATION_FORMAT = dwarf;
				ENABLE_STRICT_OBJC_MSGSEND = YES;
				ENABLE_TESTABILITY = YES;
				GCC_C_LANGUAGE_STANDARD = gnu11;
				GCC_DYNAMIC_NO_PIC = NO;
				GCC_NO_COMMON_BLOCKS = YES;
				GCC_OPTIMIZATION_LEVEL = 0;
				GCC_PREPROCESSOR_DEFINITIONS = (
					"DEBUG=1",
					"$(inherited)",
				);
				GCC_WARN_64_TO_32_BIT_CONVERSION = YES;
				GCC_WARN_ABOUT_RETURN_TYPE = YES_ERROR;
				GCC_WARN_UNDECLARED_SELECTOR = YES;
				GCC_WARN_UNINITIALIZED_AUTOS = YES_AGGRESSIVE;
				GCC_WARN_UNUSED_FUNCTION = YES;
				GCC_WARN_UNUSED_VARIABLE = YES;
				MACOSX_DEPLOYMENT_TARGET = 10.13;
				MTL_ENABLE_DEBUG_INFO = YES;
				ONLY_ACTIVE_ARCH = YES;
				SDKROOT = macosx;
			};
			name = Debug;
		};
		D0BB47A72069357A007D5F48 /* Release */ = {
			isa = XCBuildConfiguration;
			buildSettings = {
				ALWAYS_SEARCH_USER_PATHS = NO;
				CLANG_ANALYZER_NONNULL = YES;
				CLANG_ANALYZER_NUMBER_OBJECT_CONVERSION = YES_AGGRESSIVE;
				CLANG_CXX_LANGUAGE_STANDARD = "gnu++14";
				CLANG_CXX_LIBRARY = "libc++";
				CLANG_ENABLE_MODULES = YES;
				CLANG_ENABLE_OBJC_ARC = YES;
				CLANG_WARN_BLOCK_CAPTURE_AUTORELEASING = YES;
				CLANG_WARN_BOOL_CONVERSION = YES;
				CLANG_WARN_COMMA = YES;
				CLANG_WARN_CONSTANT_CONVERSION = YES;
				CLANG_WARN_DIRECT_OBJC_ISA_USAGE = YES_ERROR;
				CLANG_WARN_DOCUMENTATION_COMMENTS = YES;
				CLANG_WARN_EMPTY_BODY = YES;
				CLANG_WARN_ENUM_CONVERSION = YES;
				CLANG_WARN_INFINITE_RECURSION = YES;
				CLANG_WARN_INT_CONVERSION = YES;
				CLANG_WARN_NON_LITERAL_NULL_CONVERSION = YES;
				CLANG_WARN_OBJC_LITERAL_CONVERSION = YES;
				CLANG_WARN_OBJC_ROOT_CLASS = YES_ERROR;
				CLANG_WARN_RANGE_LOOP_ANALYSIS = YES;
				CLANG_WARN_STRICT_PROTOTYPES = YES;
				CLANG_WARN_SUSPICIOUS_MOVE = YES;
				CLANG_WARN_UNGUARDED_AVAILABILITY = YES_AGGRESSIVE;
				CLANG_WARN_UNREACHABLE_CODE = YES;
				CLANG_WARN__DUPLICATE_METHOD_MATCH = YES;
				CODE_SIGN_IDENTITY = "-";
				COPY_PHASE_STRIP = NO;
				DEBUG_INFORMATION_FORMAT = "dwarf-with-dsym";
				ENABLE_NS_ASSERTIONS = NO;
				ENABLE_STRICT_OBJC_MSGSEND = YES;
				GCC_C_LANGUAGE_STANDARD = gnu11;
				GCC_NO_COMMON_BLOCKS = YES;
				GCC_WARN_64_TO_32_BIT_CONVERSION = YES;
				GCC_WARN_ABOUT_RETURN_TYPE = YES_ERROR;
				GCC_WARN_UNDECLARED_SELECTOR = YES;
				GCC_WARN_UNINITIALIZED_AUTOS = YES_AGGRESSIVE;
				GCC_WARN_UNUSED_FUNCTION = YES;
				GCC_WARN_UNUSED_VARIABLE = YES;
				MACOSX_DEPLOYMENT_TARGET = 10.13;
				MTL_ENABLE_DEBUG_INFO = NO;
				SDKROOT = macosx;
			};
			name = Release;
		};
		D0BB47A92069357A007D5F48 /* Debug */ = {
			isa = XCBuildConfiguration;
			buildSettings = {
				CODE_SIGN_STYLE = Automatic;
				PRODUCT_NAME = "$(TARGET_NAME)";
			};
			name = Debug;
		};
		D0BB47AA2069357A007D5F48 /* Release */ = {
			isa = XCBuildConfiguration;
			buildSettings = {
				CODE_SIGN_STYLE = Automatic;
				PRODUCT_NAME = "$(TARGET_NAME)";
			};
			name = Release;
		};
/* End XCBuildConfiguration section */

/* Begin XCConfigurationList section */
		D0BB479C2069357A007D5F48 /* Build configuration list for PBXProject "CryptoLabwork1" */ = {
			isa = XCConfigurationList;
			buildConfigurations = (
				D0BB47A62069357A007D5F48 /* Debug */,
				D0BB47A72069357A007D5F48 /* Release */,
			);
			defaultConfigurationIsVisible = 0;
			defaultConfigurationName = Release;
		};
		D0BB47A82069357A007D5F48 /* Build configuration list for PBXNativeTarget "aes-ecb" */ = {
			isa = XCConfigurationList;
			buildConfigurations = (
				D0BB47A92069357A007D5F48 /* Debug */,
				D0BB47AA2069357A007D5F48 /* Release */,
			);
			defaultConfigurationIsVisible = 0;
			defaultConfigurationName = Release;
		};
/* End XCConfigurationList section */
	};
	rootObject = D0BB47992069357A007D5F48 /* Project object */;
}
